
Microsoft Visual Studio Solution File, Format Version 12.00
# Visual Studio Version 17
VisualStudioVersion = 17.12.35527.113
MinimumVisualStudioVersion = 10.0.40219.1
Project("{9A19103F-16F7-4668-BE54-9A1E7A4F7556}") = "Chytré nástroje", "Chytré nástroje\Chytré nástroje.csproj", "{C1F262BE-6E19-491C-9452-CB318DDE288F}"
EndProject
Global
	GlobalSection(SolutionConfigurationPlatforms) = preSolution
		Debug|Any CPU = Debug|Any CPU
		Debug|x64 = Debug|x64
		Release|Any CPU = Release|Any CPU
		Release|x64 = Release|x64
	EndGlobalSection
	GlobalSection(ProjectConfigurationPlatforms) = postSolution
		{C1F262BE-6E19-491C-9452-CB318DDE288F}.Debug|Any CPU.ActiveCfg = Debug|Any CPU
		{C1F262BE-6E19-491C-9452-CB318DDE288F}.Debug|Any CPU.Build.0 = Debug|Any CPU
		{C1F262BE-6E19-491C-9452-CB318DDE288F}.Debug|x64.ActiveCfg = Debug|Any CPU
		{C1F262BE-6E19-491C-9452-CB318DDE288F}.Debug|x64.Build.0 = Debug|Any CPU
		{C1F262BE-6E19-491C-9452-CB318DDE288F}.Release|Any CPU.ActiveCfg = Release|Any CPU
		{C1F262BE-6E19-491C-9452-CB318DDE288F}.Release|Any CPU.Build.0 = Release|Any CPU
		{C1F262BE-6E19-491C-9452-CB318DDE288F}.Release|x64.ActiveCfg = Release|Any CPU
		{C1F262BE-6E19-491C-9452-CB318DDE288F}.Release|x64.Build.0 = Release|Any CPU
	EndGlobalSection
	GlobalSection(SolutionProperties) = preSolution
		HideSolutionNode = FALSE
	EndGlobalSection
	GlobalSection(ExtensibilityGlobals) = postSolution
		SolutionGuid = {94E73BB2-711E-4496-ABA9-11FF2FEBD733}
	EndGlobalSection
EndGlobal
